
Microsoft Visual Studio Solution File, Format Version 12.00
# Visual Studio Version 16
VisualStudioVersion = 16.0.30002.166
MinimumVisualStudioVersion = 10.0.40219.1
Project("{FAE04EC0-301F-11D3-BF4B-00C04F79EFBC}") = "Task 1", "Task 1.csproj", "{B0B3D90B-7BBE-4A9A-9BE3-7CB27F46FA12}"
EndProject
Project("{2150E333-8FDC-42A3-9474-1A3956D46DE8}") = "Homework 1", "Homework 1", "{AF7105D2-FE67-4722-B3B1-079897AD60FB}"
EndProject
Project("{FAE04EC0-301F-11D3-BF4B-00C04F79EFBC}") = "Task 2", "..\Task 2\Task 2.csproj", "{5DE5A579-E8D2-466B-90CA-D55C27E6126E}"
EndProject
Project("{FAE04EC0-301F-11D3-BF4B-00C04F79EFBC}") = "Task 3", "..\Task 3\Task 3.csproj", "{DB9C9664-263E-4F80-A900-19AE9C2A22D3}"
EndProject
Project("{2150E333-8FDC-42A3-9474-1A3956D46DE8}") = "Homework 2", "Homework 2", "{54E06A36-88FF-4CD7-BFE5-4B494A44BF45}"
EndProject
Project("{FAE04EC0-301F-11D3-BF4B-00C04F79EFBC}") = "Task Manager", "..\Task Manager\Task Manager.csproj", "{52E6584F-6DC3-456E-901B-6C21BD800957}"
EndProject
Project("{2150E333-8FDC-42A3-9474-1A3956D46DE8}") = "Homework 3", "Homework 3", "{ECD1E433-3537-4214-9B76-FDCB931C8C2B}"
EndProject
Project("{FAE04EC0-301F-11D3-BF4B-00C04F79EFBC}") = "FractionDemonstration", "..\FractionDemonstration\FractionDemonstration.csproj", "{4438BBAA-38CD-40DB-AA41-A675FE0F8BC3}"
EndProject
Project("{2150E333-8FDC-42A3-9474-1A3956D46DE8}") = "Homework 4", "Homework 4", "{4CE39BB0-4D1A-41B2-9D03-55A1CFE6A529}"
EndProject
Project("{FAE04EC0-301F-11D3-BF4B-00C04F79EFBC}") = "ArrayPairs", "..\ArrayPairs\ArrayPairs.csproj", "{145E5861-BD51-4ECC-A6C2-44AE17645DC5}"
EndProject
Project("{FAE04EC0-301F-11D3-BF4B-00C04F79EFBC}") = "TickTackToe", "..\TickTackToe\TickTackToe.csproj", "{8F9D05B1-75E9-4818-B2B2-08EC62073D3E}"
EndProject
Project("{FAE04EC0-301F-11D3-BF4B-00C04F79EFBC}") = "Arrays", "..\Arrays\Arrays.csproj", "{841B6B5F-099F-46EB-9944-D0E8BC568C13}"
EndProject
Project("{2150E333-8FDC-42A3-9474-1A3956D46DE8}") = "Homework 5", "Homework 5", "{39032824-CD3B-4413-9029-2AC40444091A}"
EndProject
Project("{FAE04EC0-301F-11D3-BF4B-00C04F79EFBC}") = "LoginCheck", "..\LoginCheck\LoginCheck.csproj", "{56AFA122-D69A-46A8-87BE-A59C47D9568F}"
EndProject
Project("{FAE04EC0-301F-11D3-BF4B-00C04F79EFBC}") = "Message", "..\Message\Message.csproj", "{9B42AD46-4CF4-4FDA-8793-89FE5DAB3C52}"
EndProject
Project("{2150E333-8FDC-42A3-9474-1A3956D46DE8}") = "Homework 6", "Homework 6", "{E26C23E8-5971-4859-B34B-36368D4E91AC}"
EndProject
Project("{FAE04EC0-301F-11D3-BF4B-00C04F79EFBC}") = "FunctionsDelegate", "..\FunctionsDelegate\FunctionsDelegate.csproj", "{10C0BC54-6968-4096-9E38-441056FC819E}"
EndProject
Project("{FAE04EC0-301F-11D3-BF4B-00C04F79EFBC}") = "FuncMin", "..\FuncMin\FuncMin.csproj", "{B175451E-5D2C-45E2-BD00-B8DA6B211D36}"
EndProject
Global
	GlobalSection(SolutionConfigurationPlatforms) = preSolution
		Debug|Any CPU = Debug|Any CPU
		Release|Any CPU = Release|Any CPU
	EndGlobalSection
	GlobalSection(ProjectConfigurationPlatforms) = postSolution
		{B0B3D90B-7BBE-4A9A-9BE3-7CB27F46FA12}.Debug|Any CPU.ActiveCfg = Debug|Any CPU
		{B0B3D90B-7BBE-4A9A-9BE3-7CB27F46FA12}.Debug|Any CPU.Build.0 = Debug|Any CPU
		{B0B3D90B-7BBE-4A9A-9BE3-7CB27F46FA12}.Release|Any CPU.ActiveCfg = Release|Any CPU
		{B0B3D90B-7BBE-4A9A-9BE3-7CB27F46FA12}.Release|Any CPU.Build.0 = Release|Any CPU
		{5DE5A579-E8D2-466B-90CA-D55C27E6126E}.Debug|Any CPU.ActiveCfg = Debug|Any CPU
		{5DE5A579-E8D2-466B-90CA-D55C27E6126E}.Debug|Any CPU.Build.0 = Debug|Any CPU
		{5DE5A579-E8D2-466B-90CA-D55C27E6126E}.Release|Any CPU.ActiveCfg = Release|Any CPU
		{5DE5A579-E8D2-466B-90CA-D55C27E6126E}.Release|Any CPU.Build.0 = Release|Any CPU
		{DB9C9664-263E-4F80-A900-19AE9C2A22D3}.Debug|Any CPU.ActiveCfg = Debug|Any CPU
		{DB9C9664-263E-4F80-A900-19AE9C2A22D3}.Debug|Any CPU.Build.0 = Debug|Any CPU
		{DB9C9664-263E-4F80-A900-19AE9C2A22D3}.Release|Any CPU.ActiveCfg = Release|Any CPU
		{DB9C9664-263E-4F80-A900-19AE9C2A22D3}.Release|Any CPU.Build.0 = Release|Any CPU
		{52E6584F-6DC3-456E-901B-6C21BD800957}.Debug|Any CPU.ActiveCfg = Debug|Any CPU
		{52E6584F-6DC3-456E-901B-6C21BD800957}.Debug|Any CPU.Build.0 = Debug|Any CPU
		{52E6584F-6DC3-456E-901B-6C21BD800957}.Release|Any CPU.ActiveCfg = Release|Any CPU
		{52E6584F-6DC3-456E-901B-6C21BD800957}.Release|Any CPU.Build.0 = Release|Any CPU
		{4438BBAA-38CD-40DB-AA41-A675FE0F8BC3}.Debug|Any CPU.ActiveCfg = Debug|Any CPU
		{4438BBAA-38CD-40DB-AA41-A675FE0F8BC3}.Debug|Any CPU.Build.0 = Debug|Any CPU
		{4438BBAA-38CD-40DB-AA41-A675FE0F8BC3}.Release|Any CPU.ActiveCfg = Release|Any CPU
		{4438BBAA-38CD-40DB-AA41-A675FE0F8BC3}.Release|Any CPU.Build.0 = Release|Any CPU
		{145E5861-BD51-4ECC-A6C2-44AE17645DC5}.Debug|Any CPU.ActiveCfg = Debug|Any CPU
		{145E5861-BD51-4ECC-A6C2-44AE17645DC5}.Debug|Any CPU.Build.0 = Debug|Any CPU
		{145E5861-BD51-4ECC-A6C2-44AE17645DC5}.Release|Any CPU.ActiveCfg = Release|Any CPU
		{145E5861-BD51-4ECC-A6C2-44AE17645DC5}.Release|Any CPU.Build.0 = Release|Any CPU
		{8F9D05B1-75E9-4818-B2B2-08EC62073D3E}.Debug|Any CPU.ActiveCfg = Debug|Any CPU
		{8F9D05B1-75E9-4818-B2B2-08EC62073D3E}.Debug|Any CPU.Build.0 = Debug|Any CPU
		{8F9D05B1-75E9-4818-B2B2-08EC62073D3E}.Release|Any CPU.ActiveCfg = Release|Any CPU
		{8F9D05B1-75E9-4818-B2B2-08EC62073D3E}.Release|Any CPU.Build.0 = Release|Any CPU
		{841B6B5F-099F-46EB-9944-D0E8BC568C13}.Debug|Any CPU.ActiveCfg = Debug|Any CPU
		{841B6B5F-099F-46EB-9944-D0E8BC568C13}.Debug|Any CPU.Build.0 = Debug|Any CPU
		{841B6B5F-099F-46EB-9944-D0E8BC568C13}.Release|Any CPU.ActiveCfg = Release|Any CPU
		{841B6B5F-099F-46EB-9944-D0E8BC568C13}.Release|Any CPU.Build.0 = Release|Any CPU
		{56AFA122-D69A-46A8-87BE-A59C47D9568F}.Debug|Any CPU.ActiveCfg = Debug|Any CPU
		{56AFA122-D69A-46A8-87BE-A59C47D9568F}.Debug|Any CPU.Build.0 = Debug|Any CPU
		{56AFA122-D69A-46A8-87BE-A59C47D9568F}.Release|Any CPU.ActiveCfg = Release|Any CPU
		{56AFA122-D69A-46A8-87BE-A59C47D9568F}.Release|Any CPU.Build.0 = Release|Any CPU
		{9B42AD46-4CF4-4FDA-8793-89FE5DAB3C52}.Debug|Any CPU.ActiveCfg = Debug|Any CPU
		{9B42AD46-4CF4-4FDA-8793-89FE5DAB3C52}.Debug|Any CPU.Build.0 = Debug|Any CPU
		{9B42AD46-4CF4-4FDA-8793-89FE5DAB3C52}.Release|Any CPU.ActiveCfg = Release|Any CPU
		{9B42AD46-4CF4-4FDA-8793-89FE5DAB3C52}.Release|Any CPU.Build.0 = Release|Any CPU
		{10C0BC54-6968-4096-9E38-441056FC819E}.Debug|Any CPU.ActiveCfg = Debug|Any CPU
		{10C0BC54-6968-4096-9E38-441056FC819E}.Debug|Any CPU.Build.0 = Debug|Any CPU
		{10C0BC54-6968-4096-9E38-441056FC819E}.Release|Any CPU.ActiveCfg = Release|Any CPU
		{10C0BC54-6968-4096-9E38-441056FC819E}.Release|Any CPU.Build.0 = Release|Any CPU
		{B175451E-5D2C-45E2-BD00-B8DA6B211D36}.Debug|Any CPU.ActiveCfg = Debug|Any CPU
		{B175451E-5D2C-45E2-BD00-B8DA6B211D36}.Debug|Any CPU.Build.0 = Debug|Any CPU
		{B175451E-5D2C-45E2-BD00-B8DA6B211D36}.Release|Any CPU.ActiveCfg = Release|Any CPU
		{B175451E-5D2C-45E2-BD00-B8DA6B211D36}.Release|Any CPU.Build.0 = Release|Any CPU
	EndGlobalSection
	GlobalSection(SolutionProperties) = preSolution
		HideSolutionNode = FALSE
	EndGlobalSection
	GlobalSection(NestedProjects) = preSolution
		{B0B3D90B-7BBE-4A9A-9BE3-7CB27F46FA12} = {AF7105D2-FE67-4722-B3B1-079897AD60FB}
		{5DE5A579-E8D2-466B-90CA-D55C27E6126E} = {AF7105D2-FE67-4722-B3B1-079897AD60FB}
		{DB9C9664-263E-4F80-A900-19AE9C2A22D3} = {AF7105D2-FE67-4722-B3B1-079897AD60FB}
		{52E6584F-6DC3-456E-901B-6C21BD800957} = {54E06A36-88FF-4CD7-BFE5-4B494A44BF45}
		{4438BBAA-38CD-40DB-AA41-A675FE0F8BC3} = {ECD1E433-3537-4214-9B76-FDCB931C8C2B}
		{145E5861-BD51-4ECC-A6C2-44AE17645DC5} = {4CE39BB0-4D1A-41B2-9D03-55A1CFE6A529}
		{8F9D05B1-75E9-4818-B2B2-08EC62073D3E} = {4CE39BB0-4D1A-41B2-9D03-55A1CFE6A529}
		{841B6B5F-099F-46EB-9944-D0E8BC568C13} = {4CE39BB0-4D1A-41B2-9D03-55A1CFE6A529}
		{56AFA122-D69A-46A8-87BE-A59C47D9568F} = {39032824-CD3B-4413-9029-2AC40444091A}
		{9B42AD46-4CF4-4FDA-8793-89FE5DAB3C52} = {39032824-CD3B-4413-9029-2AC40444091A}
		{10C0BC54-6968-4096-9E38-441056FC819E} = {E26C23E8-5971-4859-B34B-36368D4E91AC}
		{B175451E-5D2C-45E2-BD00-B8DA6B211D36} = {E26C23E8-5971-4859-B34B-36368D4E91AC}
	EndGlobalSection
	GlobalSection(ExtensibilityGlobals) = postSolution
		SolutionGuid = {32965B54-1091-4222-AFE8-C9A414EC96F6}
	EndGlobalSection
EndGlobal
